
Microsoft Visual Studio Solution File, Format Version 12.00
# Visual Studio Version 17
VisualStudioVersion = 17.0.32112.339
MinimumVisualStudioVersion = 10.0.40219.1
Project("{8BC9CEB8-8B4A-11D0-8D11-00A0C91BC942}") = "Proyect_Final_In", "Proyect_Final_In\Proyect_Final_In.vcxproj", "{099AD073-C711-47D2-9DE2-691E35409BDC}"
EndProject
Global
	GlobalSection(SolutionConfigurationPlatforms) = preSolution
		Debug|x64 = Debug|x64
		Debug|x86 = Debug|x86
		Release|x64 = Release|x64
		Release|x86 = Release|x86
	EndGlobalSection
	GlobalSection(ProjectConfigurationPlatforms) = postSolution
		{099AD073-C711-47D2-9DE2-691E35409BDC}.Debug|x64.ActiveCfg = Debug|x64
		{099AD073-C711-47D2-9DE2-691E35409BDC}.Debug|x64.Build.0 = Debug|x64
		{099AD073-C711-47D2-9DE2-691E35409BDC}.Debug|x86.ActiveCfg = Debug|Win32
		{099AD073-C711-47D2-9DE2-691E35409BDC}.Debug|x86.Build.0 = Debug|Win32
		{099AD073-C711-47D2-9DE2-691E35409BDC}.Release|x64.ActiveCfg = Release|x64
		{099AD073-C711-47D2-9DE2-691E35409BDC}.Release|x64.Build.0 = Release|x64
		{099AD073-C711-47D2-9DE2-691E35409BDC}.Release|x86.ActiveCfg = Release|Win32
		{099AD073-C711-47D2-9DE2-691E35409BDC}.Release|x86.Build.0 = Release|Win32
	EndGlobalSection
	GlobalSection(SolutionProperties) = preSolution
		HideSolutionNode = FALSE
	EndGlobalSection
	GlobalSection(ExtensibilityGlobals) = postSolution
		SolutionGuid = {EDC9A0C0-7812-4516-911F-D16BB4A5006B}
	EndGlobalSection
EndGlobal
